// !$*UTF8*$!
{
	archiveVersion = 1;
	classes = {
	};
	objectVersion = 48;
	objects = {

/* Begin PBXBuildFile section */
		7A2FB2401F80A220001EFC63 /* AppDelegate.swift in Sources */ = {isa = PBXBuildFile; fileRef = 7A2FB23F1F80A220001EFC63 /* AppDelegate.swift */; };
		7A2FB2421F80A220001EFC63 /* AsteroidsViewController.swift in Sources */ = {isa = PBXBuildFile; fileRef = 7A2FB2411F80A220001EFC63 /* AsteroidsViewController.swift */; };
		7A2FB2451F80A220001EFC63 /* Main.storyboard in Resources */ = {isa = PBXBuildFile; fileRef = 7A2FB2431F80A220001EFC63 /* Main.storyboard */; };
		7A2FB2471F80A220001EFC63 /* Assets.xcassets in Resources */ = {isa = PBXBuildFile; fileRef = 7A2FB2461F80A220001EFC63 /* Assets.xcassets */; };
		7A2FB24A1F80A220001EFC63 /* LaunchScreen.storyboard in Resources */ = {isa = PBXBuildFile; fileRef = 7A2FB2481F80A220001EFC63 /* LaunchScreen.storyboard */; };
		7A2FB2531F80A503001EFC63 /* Default-568h@2x.png in Resources */ = {isa = PBXBuildFile; fileRef = 7A2FB2521F80A503001EFC63 /* Default-568h@2x.png */; };
		7A6A34CD1F80E77200F8E1D4 /* AsteroidView.swift in Sources */ = {isa = PBXBuildFile; fileRef = 7A6A34CC1F80E77200F8E1D4 /* AsteroidView.swift */; };
		7A6A34CF1F80E94700F8E1D4 /* CoreGraphicsExensions.swift in Sources */ = {isa = PBXBuildFile; fileRef = 7A6A34CE1F80E94700F8E1D4 /* CoreGraphicsExensions.swift */; };
		7A9928E81F80FEE50038F5AE /* AsteroidFieldView.swift in Sources */ = {isa = PBXBuildFile; fileRef = 7A9928E71F80FEE50038F5AE /* AsteroidFieldView.swift */; };
		7A9928EA1F8123F60038F5AE /* AsteroidBehavior.swift in Sources */ = {isa = PBXBuildFile; fileRef = 7A9928E91F8123F60038F5AE /* AsteroidBehavior.swift */; };
		7AB103451F80F0F7009FA371 /* SpaceshipView.swift in Sources */ = {isa = PBXBuildFile; fileRef = 7AB103441F80F0F7009FA371 /* SpaceshipView.swift */; };
/* End PBXBuildFile section */

/* Begin PBXFileReference section */
		7A2FB23C1F80A220001EFC63 /* Asteroids.app */ = {isa = PBXFileReference; explicitFileType = wrapper.application; includeInIndex = 0; path = Asteroids.app; sourceTree = BUILT_PRODUCTS_DIR; };
		7A2FB23F1F80A220001EFC63 /* AppDelegate.swift */ = {isa = PBXFileReference; lastKnownFileType = sourcecode.swift; path = AppDelegate.swift; sourceTree = "<group>"; };
		7A2FB2411F80A220001EFC63 /* AsteroidsViewController.swift */ = {isa = PBXFileReference; lastKnownFileType = sourcecode.swift; path = AsteroidsViewController.swift; sourceTree = "<group>"; };
		7A2FB2441F80A220001EFC63 /* Base */ = {isa = PBXFileReference; lastKnownFileType = file.storyboard; name = Base; path = Base.lproj/Main.storyboard; sourceTree = "<group>"; };
		7A2FB2461F80A220001EFC63 /* Assets.xcassets */ = {isa = PBXFileReference; lastKnownFileType = folder.assetcatalog; path = Assets.xcassets; sourceTree = "<group>"; };
		7A2FB2491F80A220001EFC63 /* Base */ = {isa = PBXFileReference; lastKnownFileType = file.storyboard; name = Base; path = Base.lproj/LaunchScreen.storyboard; sourceTree = "<group>"; };
		7A2FB24B1F80A220001EFC63 /* Info.plist */ = {isa = PBXFileReference; lastKnownFileType = text.plist.xml; path = Info.plist; sourceTree = "<group>"; };
		7A2FB2521F80A503001EFC63 /* Default-568h@2x.png */ = {isa = PBXFileReference; lastKnownFileType = image.png; path = "Default-568h@2x.png"; sourceTree = "<group>"; };
		7A6A34CC1F80E77200F8E1D4 /* AsteroidView.swift */ = {isa = PBXFileReference; lastKnownFileType = sourcecode.swift; path = AsteroidView.swift; sourceTree = "<group>"; };
		7A6A34CE1F80E94700F8E1D4 /* CoreGraphicsExensions.swift */ = {isa = PBXFileReference; lastKnownFileType = sourcecode.swift; path = CoreGraphicsExensions.swift; sourceTree = "<group>"; };
		7A9928E71F80FEE50038F5AE /* AsteroidFieldView.swift */ = {isa = PBXFileReference; lastKnownFileType = sourcecode.swift; path = AsteroidFieldView.swift; sourceTree = "<group>"; };
		7A9928E91F8123F60038F5AE /* AsteroidBehavior.swift */ = {isa = PBXFileReference; lastKnownFileType = sourcecode.swift; path = AsteroidBehavior.swift; sourceTree = "<group>"; };
		7AB103441F80F0F7009FA371 /* SpaceshipView.swift */ = {isa = PBXFileReference; lastKnownFileType = sourcecode.swift; path = SpaceshipView.swift; sourceTree = "<group>"; };
/* End PBXFileReference section */

/* Begin PBXFrameworksBuildPhase section */
		7A2FB2391F80A220001EFC63 /* Frameworks */ = {
			isa = PBXFrameworksBuildPhase;
			buildActionMask = 2147483647;
			files = (
			);
			runOnlyForDeploymentPostprocessing = 0;
		};
/* End PBXFrameworksBuildPhase section */

/* Begin PBXGroup section */
		7A2FB2331F80A220001EFC63 = {
			isa = PBXGroup;
			children = (
				7A2FB2521F80A503001EFC63 /* Default-568h@2x.png */,
				7A2FB23E1F80A220001EFC63 /* Asteroids */,
				7A2FB23D1F80A220001EFC63 /* Products */,
			);
			sourceTree = "<group>";
		};
		7A2FB23D1F80A220001EFC63 /* Products */ = {
			isa = PBXGroup;
			children = (
				7A2FB23C1F80A220001EFC63 /* Asteroids.app */,
			);
			name = Products;
			sourceTree = "<group>";
		};
		7A2FB23E1F80A220001EFC63 /* Asteroids */ = {
			isa = PBXGroup;
			children = (
				7A2FB2431F80A220001EFC63 /* Main.storyboard */,
				7A2FB2411F80A220001EFC63 /* AsteroidsViewController.swift */,
				7A9928E91F8123F60038F5AE /* AsteroidBehavior.swift */,
				7A9928E71F80FEE50038F5AE /* AsteroidFieldView.swift */,
				7A2FB2461F80A220001EFC63 /* Assets.xcassets */,
				7AB103431F80EAB6009FA371 /* Supporting FIles */,
			);
			path = Asteroids;
			sourceTree = "<group>";
		};
		7AB103431F80EAB6009FA371 /* Supporting FIles */ = {
			isa = PBXGroup;
			children = (
				7AB103441F80F0F7009FA371 /* SpaceshipView.swift */,
				7A2FB2481F80A220001EFC63 /* LaunchScreen.storyboard */,
				7A6A34CE1F80E94700F8E1D4 /* CoreGraphicsExensions.swift */,
				7A2FB23F1F80A220001EFC63 /* AppDelegate.swift */,
				7A6A34CC1F80E77200F8E1D4 /* AsteroidView.swift */,
				7A2FB24B1F80A220001EFC63 /* Info.plist */,
			);
			name = "Supporting FIles";
			sourceTree = "<group>";
		};
/* End PBXGroup section */

/* Begin PBXNativeTarget section */
		7A2FB23B1F80A220001EFC63 /* Asteroids */ = {
			isa = PBXNativeTarget;
			buildConfigurationList = 7A2FB24E1F80A220001EFC63 /* Build configuration list for PBXNativeTarget "Asteroids" */;
			buildPhases = (
				7A2FB2381F80A220001EFC63 /* Sources */,
				7A2FB2391F80A220001EFC63 /* Frameworks */,
				7A2FB23A1F80A220001EFC63 /* Resources */,
			);
			buildRules = (
			);
			dependencies = (
			);
			name = Asteroids;
			productName = Asteroids;
			productReference = 7A2FB23C1F80A220001EFC63 /* Asteroids.app */;
			productType = "com.apple.product-type.application";
		};
/* End PBXNativeTarget section */

/* Begin PBXProject section */
		7A2FB2341F80A220001EFC63 /* Project object */ = {
			isa = PBXProject;
			attributes = {
				LastSwiftUpdateCheck = 0900;
				LastUpgradeCheck = 0900;
				ORGANIZATIONNAME = "Red Raven Computing Studios";
				TargetAttributes = {
					7A2FB23B1F80A220001EFC63 = {
						CreatedOnToolsVersion = 9.0;
						ProvisioningStyle = Automatic;
					};
				};
			};
			buildConfigurationList = 7A2FB2371F80A220001EFC63 /* Build configuration list for PBXProject "Asteroids" */;
			compatibilityVersion = "Xcode 8.0";
			developmentRegion = en;
			hasScannedForEncodings = 0;
			knownRegions = (
				en,
				Base,
			);
			mainGroup = 7A2FB2331F80A220001EFC63;
			productRefGroup = 7A2FB23D1F80A220001EFC63 /* Products */;
			projectDirPath = "";
			projectRoot = "";
			targets = (
				7A2FB23B1F80A220001EFC63 /* Asteroids */,
			);
		};
/* End PBXProject section */

/* Begin PBXResourcesBuildPhase section */
		7A2FB23A1F80A220001EFC63 /* Resources */ = {
			isa = PBXResourcesBuildPhase;
			buildActionMask = 2147483647;
			files = (
				7A2FB24A1F80A220001EFC63 /* LaunchScreen.storyboard in Resources */,
				7A2FB2531F80A503001EFC63 /* Default-568h@2x.png in Resources */,
				7A2FB2471F80A220001EFC63 /* Assets.xcassets in Resources */,
				7A2FB2451F80A220001EFC63 /* Main.storyboard in Resources */,
			);
			runOnlyForDeploymentPostprocessing = 0;
		};
/* End PBXResourcesBuildPhase section */

/* Begin PBXSourcesBuildPhase section */
		7A2FB2381F80A220001EFC63 /* Sources */ = {
			isa = PBXSourcesBuildPhase;
			buildActionMask = 2147483647;
			files = (
				7A6A34CF1F80E94700F8E1D4 /* CoreGraphicsExensions.swift in Sources */,
				7A2FB2421F80A220001EFC63 /* AsteroidsViewController.swift in Sources */,
				7A9928E81F80FEE50038F5AE /* AsteroidFieldView.swift in Sources */,
				7A2FB2401F80A220001EFC63 /* AppDelegate.swift in Sources */,
				7A6A34CD1F80E77200F8E1D4 /* AsteroidView.swift in Sources */,
				7A9928EA1F8123F60038F5AE /* AsteroidBehavior.swift in Sources */,
				7AB103451F80F0F7009FA371 /* SpaceshipView.swift in Sources */,
			);
			runOnlyForDeploymentPostprocessing = 0;
		};
/* End PBXSourcesBuildPhase section */

/* Begin PBXVariantGroup section */
		7A2FB2431F80A220001EFC63 /* Main.storyboard */ = {
			isa = PBXVariantGroup;
			children = (
				7A2FB2441F80A220001EFC63 /* Base */,
			);
			name = Main.storyboard;
			sourceTree = "<group>";
		};
		7A2FB2481F80A220001EFC63 /* LaunchScreen.storyboard */ = {
			isa = PBXVariantGroup;
			children = (
				7A2FB2491F80A220001EFC63 /* Base */,
			);
			name = LaunchScreen.storyboard;
			sourceTree = "<group>";
		};
/* End PBXVariantGroup section */

/* Begin XCBuildConfiguration section */
		7A2FB24C1F80A220001EFC63 /* Debug */ = {
			isa = XCBuildConfiguration;
			buildSettings = {
				ALWAYS_SEARCH_USER_PATHS = NO;
				CLANG_ANALYZER_NONNULL = YES;
				CLANG_ANALYZER_NUMBER_OBJECT_CONVERSION = YES_AGGRESSIVE;
				CLANG_CXX_LANGUAGE_STANDARD = "gnu++14";
				CLANG_CXX_LIBRARY = "libc++";
				CLANG_ENABLE_MODULES = YES;
				CLANG_ENABLE_OBJC_ARC = YES;
				CLANG_WARN_BLOCK_CAPTURE_AUTORELEASING = YES;
				CLANG_WARN_BOOL_CONVERSION = YES;
				CLANG_WARN_COMMA = YES;
				CLANG_WARN_CONSTANT_CONVERSION = YES;
				CLANG_WARN_DIRECT_OBJC_ISA_USAGE = YES_ERROR;
				CLANG_WARN_DOCUMENTATION_COMMENTS = YES;
				CLANG_WARN_EMPTY_BODY = YES;
				CLANG_WARN_ENUM_CONVERSION = YES;
				CLANG_WARN_INFINITE_RECURSION = YES;
				CLANG_WARN_INT_CONVERSION = YES;
				CLANG_WARN_NON_LITERAL_NULL_CONVERSION = YES;
				CLANG_WARN_OBJC_LITERAL_CONVERSION = YES;
				CLANG_WARN_OBJC_ROOT_CLASS = YES_ERROR;
				CLANG_WARN_RANGE_LOOP_ANALYSIS = YES;
				CLANG_WARN_STRICT_PROTOTYPES = YES;
				CLANG_WARN_SUSPICIOUS_MOVE = YES;
				CLANG_WARN_UNGUARDED_AVAILABILITY = YES_AGGRESSIVE;
				CLANG_WARN_UNREACHABLE_CODE = YES;
				CLANG_WARN__DUPLICATE_METHOD_MATCH = YES;
				CODE_SIGN_IDENTITY = "iPhone Developer";
				COPY_PHASE_STRIP = NO;
				DEBUG_INFORMATION_FORMAT = dwarf;
				ENABLE_STRICT_OBJC_MSGSEND = YES;
				ENABLE_TESTABILITY = YES;
				GCC_C_LANGUAGE_STANDARD = gnu11;
				GCC_DYNAMIC_NO_PIC = NO;
				GCC_NO_COMMON_BLOCKS = YES;
				GCC_OPTIMIZATION_LEVEL = 0;
				GCC_PREPROCESSOR_DEFINITIONS = (
					"DEBUG=1",
					"$(inherited)",
				);
				GCC_WARN_64_TO_32_BIT_CONVERSION = YES;
				GCC_WARN_ABOUT_RETURN_TYPE = YES_ERROR;
				GCC_WARN_UNDECLARED_SELECTOR = YES;
				GCC_WARN_UNINITIALIZED_AUTOS = YES_AGGRESSIVE;
				GCC_WARN_UNUSED_FUNCTION = YES;
				GCC_WARN_UNUSED_VARIABLE = YES;
				IPHONEOS_DEPLOYMENT_TARGET = 11.0;
				MTL_ENABLE_DEBUG_INFO = YES;
				ONLY_ACTIVE_ARCH = YES;
				SDKROOT = iphoneos;
				SWIFT_ACTIVE_COMPILATION_CONDITIONS = DEBUG;
				SWIFT_OPTIMIZATION_LEVEL = "-Onone";
			};
			name = Debug;
		};
		7A2FB24D1F80A220001EFC63 /* Release */ = {
			isa = XCBuildConfiguration;
			buildSettings = {
				ALWAYS_SEARCH_USER_PATHS = NO;
				CLANG_ANALYZER_NONNULL = YES;
				CLANG_ANALYZER_NUMBER_OBJECT_CONVERSION = YES_AGGRESSIVE;
				CLANG_CXX_LANGUAGE_STANDARD = "gnu++14";
				CLANG_CXX_LIBRARY = "libc++";
				CLANG_ENABLE_MODULES = YES;
				CLANG_ENABLE_OBJC_ARC = YES;
				CLANG_WARN_BLOCK_CAPTURE_AUTORELEASING = YES;
				CLANG_WARN_BOOL_CONVERSION = YES;
				CLANG_WARN_COMMA = YES;
				CLANG_WARN_CONSTANT_CONVERSION = YES;
				CLANG_WARN_DIRECT_OBJC_ISA_USAGE = YES_ERROR;
				CLANG_WARN_DOCUMENTATION_COMMENTS = YES;
				CLANG_WARN_EMPTY_BODY = YES;
				CLANG_WARN_ENUM_CONVERSION = YES;
				CLANG_WARN_INFINITE_RECURSION = YES;
				CLANG_WARN_INT_CONVERSION = YES;
				CLANG_WARN_NON_LITERAL_NULL_CONVERSION = YES;
				CLANG_WARN_OBJC_LITERAL_CONVERSION = YES;
				CLANG_WARN_OBJC_ROOT_CLASS = YES_ERROR;
				CLANG_WARN_RANGE_LOOP_ANALYSIS = YES;
				CLANG_WARN_STRICT_PROTOTYPES = YES;
				CLANG_WARN_SUSPICIOUS_MOVE = YES;
				CLANG_WARN_UNGUARDED_AVAILABILITY = YES_AGGRESSIVE;
				CLANG_WARN_UNREACHABLE_CODE = YES;
				CLANG_WARN__DUPLICATE_METHOD_MATCH = YES;
				CODE_SIGN_IDENTITY = "iPhone Developer";
				COPY_PHASE_STRIP = NO;
				DEBUG_INFORMATION_FORMAT = "dwarf-with-dsym";
				ENABLE_NS_ASSERTIONS = NO;
				ENABLE_STRICT_OBJC_MSGSEND = YES;
				GCC_C_LANGUAGE_STANDARD = gnu11;
				GCC_NO_COMMON_BLOCKS = YES;
				GCC_WARN_64_TO_32_BIT_CONVERSION = YES;
				GCC_WARN_ABOUT_RETURN_TYPE = YES_ERROR;
				GCC_WARN_UNDECLARED_SELECTOR = YES;
				GCC_WARN_UNINITIALIZED_AUTOS = YES_AGGRESSIVE;
				GCC_WARN_UNUSED_FUNCTION = YES;
				GCC_WARN_UNUSED_VARIABLE = YES;
				IPHONEOS_DEPLOYMENT_TARGET = 11.0;
				MTL_ENABLE_DEBUG_INFO = NO;
				SDKROOT = iphoneos;
				SWIFT_OPTIMIZATION_LEVEL = "-Owholemodule";
				VALIDATE_PRODUCT = YES;
			};
			name = Release;
		};
		7A2FB24F1F80A220001EFC63 /* Debug */ = {
			isa = XCBuildConfiguration;
			buildSettings = {
				ASSETCATALOG_COMPILER_APPICON_NAME = AppIcon;
				CODE_SIGN_STYLE = Automatic;
				DEVELOPMENT_TEAM = V3GFNATBC5;
				INFOPLIST_FILE = Asteroids/Info.plist;
				LD_RUNPATH_SEARCH_PATHS = "$(inherited) @executable_path/Frameworks";
				PRODUCT_BUNDLE_IDENTIFIER = com.redravencompuint.cs193p.Asteroids;
				PRODUCT_NAME = "$(TARGET_NAME)";
				SWIFT_VERSION = 4.0;
				TARGETED_DEVICE_FAMILY = "1,2";
			};
			name = Debug;
		};
		7A2FB2501F80A220001EFC63 /* Release */ = {
			isa = XCBuildConfiguration;
			buildSettings = {
				ASSETCATALOG_COMPILER_APPICON_NAME = AppIcon;
				CODE_SIGN_STYLE = Automatic;
				DEVELOPMENT_TEAM = V3GFNATBC5;
				INFOPLIST_FILE = Asteroids/Info.plist;
				LD_RUNPATH_SEARCH_PATHS = "$(inherited) @executable_path/Frameworks";
				PRODUCT_BUNDLE_IDENTIFIER = com.redravencompuint.cs193p.Asteroids;
				PRODUCT_NAME = "$(TARGET_NAME)";
				SWIFT_VERSION = 4.0;
				TARGETED_DEVICE_FAMILY = "1,2";
			};
			name = Release;
		};
/* End XCBuildConfiguration section */

/* Begin XCConfigurationList section */
		7A2FB2371F80A220001EFC63 /* Build configuration list for PBXProject "Asteroids" */ = {
			isa = XCConfigurationList;
			buildConfigurations = (
				7A2FB24C1F80A220001EFC63 /* Debug */,
				7A2FB24D1F80A220001EFC63 /* Release */,
			);
			defaultConfigurationIsVisible = 0;
			defaultConfigurationName = Release;
		};
		7A2FB24E1F80A220001EFC63 /* Build configuration list for PBXNativeTarget "Asteroids" */ = {
			isa = XCConfigurationList;
			buildConfigurations = (
				7A2FB24F1F80A220001EFC63 /* Debug */,
				7A2FB2501F80A220001EFC63 /* Release */,
			);
			defaultConfigurationIsVisible = 0;
			defaultConfigurationName = Release;
		};
/* End XCConfigurationList section */
	};
	rootObject = 7A2FB2341F80A220001EFC63 /* Project object */;
}
